
Microsoft Visual Studio Solution File, Format Version 12.00
# Visual Studio Version 16
VisualStudioVersion = 16.0.31702.278
MinimumVisualStudioVersion = 10.0.40219.1
Project("{FAE04EC0-301F-11D3-BF4B-00C04F79EFBC}") = "AS2122_3G_INF_LombardiGuglielmo_Pizzeria", "AS2122_3G_INF_LombardiGuglielmo_Pizzeria\AS2122_3G_INF_LombardiGuglielmo_Pizzeria.csproj", "{6F7E3D67-DF74-47A7-92E3-E222E7BB255B}"
EndProject
Global
	GlobalSection(SolutionConfigurationPlatforms) = preSolution
		Debug|Any CPU = Debug|Any CPU
		Release|Any CPU = Release|Any CPU
	EndGlobalSection
	GlobalSection(ProjectConfigurationPlatforms) = postSolution
		{6F7E3D67-DF74-47A7-92E3-E222E7BB255B}.Debug|Any CPU.ActiveCfg = Debug|Any CPU
		{6F7E3D67-DF74-47A7-92E3-E222E7BB255B}.Debug|Any CPU.Build.0 = Debug|Any CPU
		{6F7E3D67-DF74-47A7-92E3-E222E7BB255B}.Release|Any CPU.ActiveCfg = Release|Any CPU
		{6F7E3D67-DF74-47A7-92E3-E222E7BB255B}.Release|Any CPU.Build.0 = Release|Any CPU
	EndGlobalSection
	GlobalSection(SolutionProperties) = preSolution
		HideSolutionNode = FALSE
	EndGlobalSection
	GlobalSection(ExtensibilityGlobals) = postSolution
		SolutionGuid = {1EE08BFD-A7D8-483E-B3D2-23B61B15F900}
	EndGlobalSection
EndGlobal
